
Microsoft Visual Studio Solution File, Format Version 11.00
# Visual Studio 2010
Project("{FAE04EC0-301F-11D3-BF4B-00C04F79EFBC}") = "Conflight", "Conflight\Conflight.csproj", "{64FEAAAD-4662-4156-A663-3FD8F9AE149D}"
EndProject
Global
	GlobalSection(SolutionConfigurationPlatforms) = preSolution
		Debug|x86 = Debug|x86
		Release|x86 = Release|x86
	EndGlobalSection
	GlobalSection(ProjectConfigurationPlatforms) = postSolution
		{64FEAAAD-4662-4156-A663-3FD8F9AE149D}.Debug|x86.ActiveCfg = Debug|x86
		{64FEAAAD-4662-4156-A663-3FD8F9AE149D}.Debug|x86.Build.0 = Debug|x86
		{64FEAAAD-4662-4156-A663-3FD8F9AE149D}.Release|x86.ActiveCfg = Release|x86
		{64FEAAAD-4662-4156-A663-3FD8F9AE149D}.Release|x86.Build.0 = Release|x86
	EndGlobalSection
	GlobalSection(SolutionProperties) = preSolution
		HideSolutionNode = FALSE
	EndGlobalSection
EndGlobal
